
Microsoft Visual Studio Solution File, Format Version 12.00
# Visual Studio 15
Project("{FAE04EC0-301F-11D3-BF4B-00C04F79EFBC}") = "TikTask", "TikTask.csproj", "{134AA2FC-55E3-40F6-A92A-AFF1C2599CBC}"
EndProject
Global
	GlobalSection(SolutionConfigurationPlatforms) = preSolution
		Debug|x86 = Debug|x86
		Release|x86 = Release|x86
	EndGlobalSection
	GlobalSection(ProjectConfigurationPlatforms) = postSolution
		{134AA2FC-55E3-40F6-A92A-AFF1C2599CBC}.Debug|x86.ActiveCfg = Debug|x86
		{134AA2FC-55E3-40F6-A92A-AFF1C2599CBC}.Debug|x86.Build.0 = Debug|x86
		{134AA2FC-55E3-40F6-A92A-AFF1C2599CBC}.Release|x86.ActiveCfg = Release|x86
		{134AA2FC-55E3-40F6-A92A-AFF1C2599CBC}.Release|x86.Build.0 = Release|x86
	EndGlobalSection
EndGlobal
